// !$*UTF8*$!
{
	archiveVersion = 1;
	classes = {
	};
	objectVersion = 56;
	objects = {

/* Begin PBXBuildFile section */
		7F6BC58F2BB2C99C00B6E76D /* AppDelegate.m in Sources */ = {isa = PBXBuildFile; fileRef = 7F6BC58E2BB2C99C00B6E76D /* AppDelegate.m */; };
		7F6BC5922BB2C99C00B6E76D /* SceneDelegate.m in Sources */ = {isa = PBXBuildFile; fileRef = 7F6BC5912BB2C99C00B6E76D /* SceneDelegate.m */; };
		7F6BC5952BB2C99C00B6E76D /* ViewController.m in Sources */ = {isa = PBXBuildFile; fileRef = 7F6BC5942BB2C99C00B6E76D /* ViewController.m */; };
		7F6BC5982BB2C99C00B6E76D /* Main.storyboard in Resources */ = {isa = PBXBuildFile; fileRef = 7F6BC5962BB2C99C00B6E76D /* Main.storyboard */; };
		7F6BC59A2BB2C99F00B6E76D /* Assets.xcassets in Resources */ = {isa = PBXBuildFile; fileRef = 7F6BC5992BB2C99F00B6E76D /* Assets.xcassets */; };
		7F6BC59D2BB2C99F00B6E76D /* LaunchScreen.storyboard in Resources */ = {isa = PBXBuildFile; fileRef = 7F6BC59B2BB2C99F00B6E76D /* LaunchScreen.storyboard */; };
		7F6BC5A02BB2C99F00B6E76D /* main.m in Sources */ = {isa = PBXBuildFile; fileRef = 7F6BC59F2BB2C99F00B6E76D /* main.m */; };
/* End PBXBuildFile section */

/* Begin PBXFileReference section */
		7F6BC58A2BB2C99C00B6E76D /* Lab1_6.app */ = {isa = PBXFileReference; explicitFileType = wrapper.application; includeInIndex = 0; path = Lab1_6.app; sourceTree = BUILT_PRODUCTS_DIR; };
		7F6BC58D2BB2C99C00B6E76D /* AppDelegate.h */ = {isa = PBXFileReference; lastKnownFileType = sourcecode.c.h; path = AppDelegate.h; sourceTree = "<group>"; };
		7F6BC58E2BB2C99C00B6E76D /* AppDelegate.m */ = {isa = PBXFileReference; lastKnownFileType = sourcecode.c.objc; path = AppDelegate.m; sourceTree = "<group>"; };
		7F6BC5902BB2C99C00B6E76D /* SceneDelegate.h */ = {isa = PBXFileReference; lastKnownFileType = sourcecode.c.h; path = SceneDelegate.h; sourceTree = "<group>"; };
		7F6BC5912BB2C99C00B6E76D /* SceneDelegate.m */ = {isa = PBXFileReference; lastKnownFileType = sourcecode.c.objc; path = SceneDelegate.m; sourceTree = "<group>"; };
		7F6BC5932BB2C99C00B6E76D /* ViewController.h */ = {isa = PBXFileReference; lastKnownFileType = sourcecode.c.h; path = ViewController.h; sourceTree = "<group>"; };
		7F6BC5942BB2C99C00B6E76D /* ViewController.m */ = {isa = PBXFileReference; lastKnownFileType = sourcecode.c.objc; path = ViewController.m; sourceTree = "<group>"; };
		7F6BC5972BB2C99C00B6E76D /* Base */ = {isa = PBXFileReference; lastKnownFileType = file.storyboard; name = Base; path = Base.lproj/Main.storyboard; sourceTree = "<group>"; };
		7F6BC5992BB2C99F00B6E76D /* Assets.xcassets */ = {isa = PBXFileReference; lastKnownFileType = folder.assetcatalog; path = Assets.xcassets; sourceTree = "<group>"; };
		7F6BC59C2BB2C99F00B6E76D /* Base */ = {isa = PBXFileReference; lastKnownFileType = file.storyboard; name = Base; path = Base.lproj/LaunchScreen.storyboard; sourceTree = "<group>"; };
		7F6BC59E2BB2C99F00B6E76D /* Info.plist */ = {isa = PBXFileReference; lastKnownFileType = text.plist.xml; path = Info.plist; sourceTree = "<group>"; };
		7F6BC59F2BB2C99F00B6E76D /* main.m */ = {isa = PBXFileReference; lastKnownFileType = sourcecode.c.objc; path = main.m; sourceTree = "<group>"; };
/* End PBXFileReference section */

/* Begin PBXFrameworksBuildPhase section */
		7F6BC5872BB2C99C00B6E76D /* Frameworks */ = {
			isa = PBXFrameworksBuildPhase;
			buildActionMask = 2147483647;
			files = (
			);
			runOnlyForDeploymentPostprocessing = 0;
		};
/* End PBXFrameworksBuildPhase section */

/* Begin PBXGroup section */
		7F6BC5812BB2C99C00B6E76D = {
			isa = PBXGroup;
			children = (
				7F6BC58C2BB2C99C00B6E76D /* Lab1_6 */,
				7F6BC58B2BB2C99C00B6E76D /* Products */,
			);
			sourceTree = "<group>";
		};
		7F6BC58B2BB2C99C00B6E76D /* Products */ = {
			isa = PBXGroup;
			children = (
				7F6BC58A2BB2C99C00B6E76D /* Lab1_6.app */,
			);
			name = Products;
			sourceTree = "<group>";
		};
		7F6BC58C2BB2C99C00B6E76D /* Lab1_6 */ = {
			isa = PBXGroup;
			children = (
				7F6BC58D2BB2C99C00B6E76D /* AppDelegate.h */,
				7F6BC58E2BB2C99C00B6E76D /* AppDelegate.m */,
				7F6BC5902BB2C99C00B6E76D /* SceneDelegate.h */,
				7F6BC5912BB2C99C00B6E76D /* SceneDelegate.m */,
				7F6BC5932BB2C99C00B6E76D /* ViewController.h */,
				7F6BC5942BB2C99C00B6E76D /* ViewController.m */,
				7F6BC5962BB2C99C00B6E76D /* Main.storyboard */,
				7F6BC5992BB2C99F00B6E76D /* Assets.xcassets */,
				7F6BC59B2BB2C99F00B6E76D /* LaunchScreen.storyboard */,
				7F6BC59E2BB2C99F00B6E76D /* Info.plist */,
				7F6BC59F2BB2C99F00B6E76D /* main.m */,
			);
			path = Lab1_6;
			sourceTree = "<group>";
		};
/* End PBXGroup section */

/* Begin PBXNativeTarget section */
		7F6BC5892BB2C99C00B6E76D /* Lab1_6 */ = {
			isa = PBXNativeTarget;
			buildConfigurationList = 7F6BC5A32BB2C99F00B6E76D /* Build configuration list for PBXNativeTarget "Lab1_6" */;
			buildPhases = (
				7F6BC5862BB2C99C00B6E76D /* Sources */,
				7F6BC5872BB2C99C00B6E76D /* Frameworks */,
				7F6BC5882BB2C99C00B6E76D /* Resources */,
			);
			buildRules = (
			);
			dependencies = (
			);
			name = Lab1_6;
			productName = Lab1_6;
			productReference = 7F6BC58A2BB2C99C00B6E76D /* Lab1_6.app */;
			productType = "com.apple.product-type.application";
		};
/* End PBXNativeTarget section */

/* Begin PBXProject section */
		7F6BC5822BB2C99C00B6E76D /* Project object */ = {
			isa = PBXProject;
			attributes = {
				BuildIndependentTargetsInParallel = 1;
				LastUpgradeCheck = 1500;
				TargetAttributes = {
					7F6BC5892BB2C99C00B6E76D = {
						CreatedOnToolsVersion = 15.0.1;
					};
				};
			};
			buildConfigurationList = 7F6BC5852BB2C99C00B6E76D /* Build configuration list for PBXProject "Lab1_6" */;
			compatibilityVersion = "Xcode 14.0";
			developmentRegion = en;
			hasScannedForEncodings = 0;
			knownRegions = (
				en,
				Base,
			);
			mainGroup = 7F6BC5812BB2C99C00B6E76D;
			productRefGroup = 7F6BC58B2BB2C99C00B6E76D /* Products */;
			projectDirPath = "";
			projectRoot = "";
			targets = (
				7F6BC5892BB2C99C00B6E76D /* Lab1_6 */,
			);
		};
/* End PBXProject section */

/* Begin PBXResourcesBuildPhase section */
		7F6BC5882BB2C99C00B6E76D /* Resources */ = {
			isa = PBXResourcesBuildPhase;
			buildActionMask = 2147483647;
			files = (
				7F6BC59D2BB2C99F00B6E76D /* LaunchScreen.storyboard in Resources */,
				7F6BC59A2BB2C99F00B6E76D /* Assets.xcassets in Resources */,
				7F6BC5982BB2C99C00B6E76D /* Main.storyboard in Resources */,
			);
			runOnlyForDeploymentPostprocessing = 0;
		};
/* End PBXResourcesBuildPhase section */

/* Begin PBXSourcesBuildPhase section */
		7F6BC5862BB2C99C00B6E76D /* Sources */ = {
			isa = PBXSourcesBuildPhase;
			buildActionMask = 2147483647;
			files = (
				7F6BC5952BB2C99C00B6E76D /* ViewController.m in Sources */,
				7F6BC58F2BB2C99C00B6E76D /* AppDelegate.m in Sources */,
				7F6BC5A02BB2C99F00B6E76D /* main.m in Sources */,
				7F6BC5922BB2C99C00B6E76D /* SceneDelegate.m in Sources */,
			);
			runOnlyForDeploymentPostprocessing = 0;
		};
/* End PBXSourcesBuildPhase section */

/* Begin PBXVariantGroup section */
		7F6BC5962BB2C99C00B6E76D /* Main.storyboard */ = {
			isa = PBXVariantGroup;
			children = (
				7F6BC5972BB2C99C00B6E76D /* Base */,
			);
			name = Main.storyboard;
			sourceTree = "<group>";
		};
		7F6BC59B2BB2C99F00B6E76D /* LaunchScreen.storyboard */ = {
			isa = PBXVariantGroup;
			children = (
				7F6BC59C2BB2C99F00B6E76D /* Base */,
			);
			name = LaunchScreen.storyboard;
			sourceTree = "<group>";
		};
/* End PBXVariantGroup section */

/* Begin XCBuildConfiguration section */
		7F6BC5A12BB2C99F00B6E76D /* Debug */ = {
			isa = XCBuildConfiguration;
			buildSettings = {
				ALWAYS_SEARCH_USER_PATHS = NO;
				ASSETCATALOG_COMPILER_GENERATE_SWIFT_ASSET_SYMBOL_EXTENSIONS = YES;
				CLANG_ANALYZER_NONNULL = YES;
				CLANG_ANALYZER_NUMBER_OBJECT_CONVERSION = YES_AGGRESSIVE;
				CLANG_CXX_LANGUAGE_STANDARD = "gnu++20";
				CLANG_ENABLE_MODULES = YES;
				CLANG_ENABLE_OBJC_ARC = YES;
				CLANG_ENABLE_OBJC_WEAK = YES;
				CLANG_WARN_BLOCK_CAPTURE_AUTORELEASING = YES;
				CLANG_WARN_BOOL_CONVERSION = YES;
				CLANG_WARN_COMMA = YES;
				CLANG_WARN_CONSTANT_CONVERSION = YES;
				CLANG_WARN_DEPRECATED_OBJC_IMPLEMENTATIONS = YES;
				CLANG_WARN_DIRECT_OBJC_ISA_USAGE = YES_ERROR;
				CLANG_WARN_DOCUMENTATION_COMMENTS = YES;
				CLANG_WARN_EMPTY_BODY = YES;
				CLANG_WARN_ENUM_CONVERSION = YES;
				CLANG_WARN_INFINITE_RECURSION = YES;
				CLANG_WARN_INT_CONVERSION = YES;
				CLANG_WARN_NON_LITERAL_NULL_CONVERSION = YES;
				CLANG_WARN_OBJC_IMPLICIT_RETAIN_SELF = YES;
				CLANG_WARN_OBJC_LITERAL_CONVERSION = YES;
				CLANG_WARN_OBJC_ROOT_CLASS = YES_ERROR;
				CLANG_WARN_QUOTED_INCLUDE_IN_FRAMEWORK_HEADER = YES;
				CLANG_WARN_RANGE_LOOP_ANALYSIS = YES;
				CLANG_WARN_STRICT_PROTOTYPES = YES;
				CLANG_WARN_SUSPICIOUS_MOVE = YES;
				CLANG_WARN_UNGUARDED_AVAILABILITY = YES_AGGRESSIVE;
				CLANG_WARN_UNREACHABLE_CODE = YES;
				CLANG_WARN__DUPLICATE_METHOD_MATCH = YES;
				COPY_PHASE_STRIP = NO;
				DEBUG_INFORMATION_FORMAT = dwarf;
				ENABLE_STRICT_OBJC_MSGSEND = YES;
				ENABLE_TESTABILITY = YES;
				ENABLE_USER_SCRIPT_SANDBOXING = YES;
				GCC_C_LANGUAGE_STANDARD = gnu17;
				GCC_DYNAMIC_NO_PIC = NO;
				GCC_NO_COMMON_BLOCKS = YES;
				GCC_OPTIMIZATION_LEVEL = 0;
				GCC_PREPROCESSOR_DEFINITIONS = (
					"DEBUG=1",
					"$(inherited)",
				);
				GCC_WARN_64_TO_32_BIT_CONVERSION = YES;
				GCC_WARN_ABOUT_RETURN_TYPE = YES_ERROR;
				GCC_WARN_UNDECLARED_SELECTOR = YES;
				GCC_WARN_UNINITIALIZED_AUTOS = YES_AGGRESSIVE;
				GCC_WARN_UNUSED_FUNCTION = YES;
				GCC_WARN_UNUSED_VARIABLE = YES;
				IPHONEOS_DEPLOYMENT_TARGET = 17.0;
				LOCALIZATION_PREFERS_STRING_CATALOGS = YES;
				MTL_ENABLE_DEBUG_INFO = INCLUDE_SOURCE;
				MTL_FAST_MATH = YES;
				ONLY_ACTIVE_ARCH = YES;
				SDKROOT = iphoneos;
			};
			name = Debug;
		};
		7F6BC5A22BB2C99F00B6E76D /* Release */ = {
			isa = XCBuildConfiguration;
			buildSettings = {
				ALWAYS_SEARCH_USER_PATHS = NO;
				ASSETCATALOG_COMPILER_GENERATE_SWIFT_ASSET_SYMBOL_EXTENSIONS = YES;
				CLANG_ANALYZER_NONNULL = YES;
				CLANG_ANALYZER_NUMBER_OBJECT_CONVERSION = YES_AGGRESSIVE;
				CLANG_CXX_LANGUAGE_STANDARD = "gnu++20";
				CLANG_ENABLE_MODULES = YES;
				CLANG_ENABLE_OBJC_ARC = YES;
				CLANG_ENABLE_OBJC_WEAK = YES;
				CLANG_WARN_BLOCK_CAPTURE_AUTORELEASING = YES;
				CLANG_WARN_BOOL_CONVERSION = YES;
				CLANG_WARN_COMMA = YES;
				CLANG_WARN_CONSTANT_CONVERSION = YES;
				CLANG_WARN_DEPRECATED_OBJC_IMPLEMENTATIONS = YES;
				CLANG_WARN_DIRECT_OBJC_ISA_USAGE = YES_ERROR;
				CLANG_WARN_DOCUMENTATION_COMMENTS = YES;
				CLANG_WARN_EMPTY_BODY = YES;
				CLANG_WARN_ENUM_CONVERSION = YES;
				CLANG_WARN_INFINITE_RECURSION = YES;
				CLANG_WARN_INT_CONVERSION = YES;
				CLANG_WARN_NON_LITERAL_NULL_CONVERSION = YES;
				CLANG_WARN_OBJC_IMPLICIT_RETAIN_SELF = YES;
				CLANG_WARN_OBJC_LITERAL_CONVERSION = YES;
				CLANG_WARN_OBJC_ROOT_CLASS = YES_ERROR;
				CLANG_WARN_QUOTED_INCLUDE_IN_FRAMEWORK_HEADER = YES;
				CLANG_WARN_RANGE_LOOP_ANALYSIS = YES;
				CLANG_WARN_STRICT_PROTOTYPES = YES;
				CLANG_WARN_SUSPICIOUS_MOVE = YES;
				CLANG_WARN_UNGUARDED_AVAILABILITY = YES_AGGRESSIVE;
				CLANG_WARN_UNREACHABLE_CODE = YES;
				CLANG_WARN__DUPLICATE_METHOD_MATCH = YES;
				COPY_PHASE_STRIP = NO;
				DEBUG_INFORMATION_FORMAT = "dwarf-with-dsym";
				ENABLE_NS_ASSERTIONS = NO;
				ENABLE_STRICT_OBJC_MSGSEND = YES;
				ENABLE_USER_SCRIPT_SANDBOXING = YES;
				GCC_C_LANGUAGE_STANDARD = gnu17;
				GCC_NO_COMMON_BLOCKS = YES;
				GCC_WARN_64_TO_32_BIT_CONVERSION = YES;
				GCC_WARN_ABOUT_RETURN_TYPE = YES_ERROR;
				GCC_WARN_UNDECLARED_SELECTOR = YES;
				GCC_WARN_UNINITIALIZED_AUTOS = YES_AGGRESSIVE;
				GCC_WARN_UNUSED_FUNCTION = YES;
				GCC_WARN_UNUSED_VARIABLE = YES;
				IPHONEOS_DEPLOYMENT_TARGET = 17.0;
				LOCALIZATION_PREFERS_STRING_CATALOGS = YES;
				MTL_ENABLE_DEBUG_INFO = NO;
				MTL_FAST_MATH = YES;
				SDKROOT = iphoneos;
				VALIDATE_PRODUCT = YES;
			};
			name = Release;
		};
		7F6BC5A42BB2C99F00B6E76D /* Debug */ = {
			isa = XCBuildConfiguration;
			buildSettings = {
				ASSETCATALOG_COMPILER_APPICON_NAME = AppIcon;
				ASSETCATALOG_COMPILER_GLOBAL_ACCENT_COLOR_NAME = AccentColor;
				CODE_SIGN_STYLE = Automatic;
				CURRENT_PROJECT_VERSION = 1;
				GENERATE_INFOPLIST_FILE = YES;
				INFOPLIST_FILE = Lab1_6/Info.plist;
				INFOPLIST_KEY_UIApplicationSupportsIndirectInputEvents = YES;
				INFOPLIST_KEY_UILaunchStoryboardName = LaunchScreen;
				INFOPLIST_KEY_UIMainStoryboardFile = Main;
				INFOPLIST_KEY_UISupportedInterfaceOrientations_iPad = "UIInterfaceOrientationPortrait UIInterfaceOrientationPortraitUpsideDown UIInterfaceOrientationLandscapeLeft UIInterfaceOrientationLandscapeRight";
				INFOPLIST_KEY_UISupportedInterfaceOrientations_iPhone = "UIInterfaceOrientationPortrait UIInterfaceOrientationLandscapeLeft UIInterfaceOrientationLandscapeRight";
				LD_RUNPATH_SEARCH_PATHS = (
					"$(inherited)",
					"@executable_path/Frameworks",
				);
				MARKETING_VERSION = 1.0;
				PRODUCT_BUNDLE_IDENTIFIER = "iti.Lab1-6";
				PRODUCT_NAME = "$(TARGET_NAME)";
				SWIFT_EMIT_LOC_STRINGS = YES;
				TARGETED_DEVICE_FAMILY = "1,2";
			};
			name = Debug;
		};
		7F6BC5A52BB2C99F00B6E76D /* Release */ = {
			isa = XCBuildConfiguration;
			buildSettings = {
				ASSETCATALOG_COMPILER_APPICON_NAME = AppIcon;
				ASSETCATALOG_COMPILER_GLOBAL_ACCENT_COLOR_NAME = AccentColor;
				CODE_SIGN_STYLE = Automatic;
				CURRENT_PROJECT_VERSION = 1;
				GENERATE_INFOPLIST_FILE = YES;
				INFOPLIST_FILE = Lab1_6/Info.plist;
				INFOPLIST_KEY_UIApplicationSupportsIndirectInputEvents = YES;
				INFOPLIST_KEY_UILaunchStoryboardName = LaunchScreen;
				INFOPLIST_KEY_UIMainStoryboardFile = Main;
				INFOPLIST_KEY_UISupportedInterfaceOrientations_iPad = "UIInterfaceOrientationPortrait UIInterfaceOrientationPortraitUpsideDown UIInterfaceOrientationLandscapeLeft UIInterfaceOrientationLandscapeRight";
				INFOPLIST_KEY_UISupportedInterfaceOrientations_iPhone = "UIInterfaceOrientationPortrait UIInterfaceOrientationLandscapeLeft UIInterfaceOrientationLandscapeRight";
				LD_RUNPATH_SEARCH_PATHS = (
					"$(inherited)",
					"@executable_path/Frameworks",
				);
				MARKETING_VERSION = 1.0;
				PRODUCT_BUNDLE_IDENTIFIER = "iti.Lab1-6";
				PRODUCT_NAME = "$(TARGET_NAME)";
				SWIFT_EMIT_LOC_STRINGS = YES;
				TARGETED_DEVICE_FAMILY = "1,2";
			};
			name = Release;
		};
/* End XCBuildConfiguration section */

/* Begin XCConfigurationList section */
		7F6BC5852BB2C99C00B6E76D /* Build configuration list for PBXProject "Lab1_6" */ = {
			isa = XCConfigurationList;
			buildConfigurations = (
				7F6BC5A12BB2C99F00B6E76D /* Debug */,
				7F6BC5A22BB2C99F00B6E76D /* Release */,
			);
			defaultConfigurationIsVisible = 0;
			defaultConfigurationName = Release;
		};
		7F6BC5A32BB2C99F00B6E76D /* Build configuration list for PBXNativeTarget "Lab1_6" */ = {
			isa = XCConfigurationList;
			buildConfigurations = (
				7F6BC5A42BB2C99F00B6E76D /* Debug */,
				7F6BC5A52BB2C99F00B6E76D /* Release */,
			);
			defaultConfigurationIsVisible = 0;
			defaultConfigurationName = Release;
		};
/* End XCConfigurationList section */
	};
	rootObject = 7F6BC5822BB2C99C00B6E76D /* Project object */;
}
